
Microsoft Visual Studio Solution File, Format Version 12.00
# Visual Studio Version 17
VisualStudioVersion = 17.6.33712.159
MinimumVisualStudioVersion = 10.0.40219.1
Project("{9A19103F-16F7-4668-BE54-9A1E7A4F7556}") = "KFramework", "KFramework\KFramework.csproj", "{4F1DB8C7-1F93-412C-86A0-7A426690E8E4}"
EndProject
Project("{9A19103F-16F7-4668-BE54-9A1E7A4F7556}") = "web", "web\web.csproj", "{4CC5F1C2-8AD7-4EC9-A9E9-A534DCB0ABC5}"
EndProject
Project("{9A19103F-16F7-4668-BE54-9A1E7A4F7556}") = "KFramework.Module", "KFramework.Module\KFramework.Module.csproj", "{BDC6BA81-93E2-4445-865A-CA89AF5C0CC8}"
EndProject
Project("{9A19103F-16F7-4668-BE54-9A1E7A4F7556}") = "KFramework.Integration.AspCore", "KFramework.Integration.AspCore\KFramework.Integration.AspCore.csproj", "{A2B918D3-9AD0-4202-A976-198DCECA71D5}"
EndProject
Project("{9A19103F-16F7-4668-BE54-9A1E7A4F7556}") = "KFramework.Module.Abstractions", "KFramework.Module.Abstractions\KFramework.Module.Abstractions.csproj", "{1E78BDD3-743A-497D-95AE-34479C7398ED}"
EndProject
Project("{9A19103F-16F7-4668-BE54-9A1E7A4F7556}") = "KFramework.Extensions", "KFramework.Extensions\KFramework.Extensions.csproj", "{04C942AE-4A51-4809-B54E-4FAA99487AE5}"
EndProject
Project("{9A19103F-16F7-4668-BE54-9A1E7A4F7556}") = "KFramework.Abstractions", "KFramework.Abstractions\KFramework.Abstractions.csproj", "{87F61522-0C30-4088-8F05-CECB46E15A99}"
EndProject
Project("{FAE04EC0-301F-11D3-BF4B-00C04F79EFBC}") = "KFramework.ServiceDiscovery.Abstractions", "KFramework.ServiceDiscovery.Abstractions\KFramework.ServiceDiscovery.Abstractions.csproj", "{FE63B179-F231-4F93-8278-9096E4E539FA}"
EndProject
Project("{FAE04EC0-301F-11D3-BF4B-00C04F79EFBC}") = "KFramework.ServiceDiscovery.Consul", "KFramework.ServiceDiscovery.Consul\KFramework.ServiceDiscovery.Consul.csproj", "{14370881-E72D-40E4-A154-7EC17E15783C}"
EndProject
Global
	GlobalSection(SolutionConfigurationPlatforms) = preSolution
		Debug|Any CPU = Debug|Any CPU
		Release|Any CPU = Release|Any CPU
	EndGlobalSection
	GlobalSection(ProjectConfigurationPlatforms) = postSolution
		{4F1DB8C7-1F93-412C-86A0-7A426690E8E4}.Debug|Any CPU.ActiveCfg = Debug|Any CPU
		{4F1DB8C7-1F93-412C-86A0-7A426690E8E4}.Debug|Any CPU.Build.0 = Debug|Any CPU
		{4F1DB8C7-1F93-412C-86A0-7A426690E8E4}.Release|Any CPU.ActiveCfg = Release|Any CPU
		{4F1DB8C7-1F93-412C-86A0-7A426690E8E4}.Release|Any CPU.Build.0 = Release|Any CPU
		{4CC5F1C2-8AD7-4EC9-A9E9-A534DCB0ABC5}.Debug|Any CPU.ActiveCfg = Debug|Any CPU
		{4CC5F1C2-8AD7-4EC9-A9E9-A534DCB0ABC5}.Debug|Any CPU.Build.0 = Debug|Any CPU
		{4CC5F1C2-8AD7-4EC9-A9E9-A534DCB0ABC5}.Release|Any CPU.ActiveCfg = Release|Any CPU
		{4CC5F1C2-8AD7-4EC9-A9E9-A534DCB0ABC5}.Release|Any CPU.Build.0 = Release|Any CPU
		{BDC6BA81-93E2-4445-865A-CA89AF5C0CC8}.Debug|Any CPU.ActiveCfg = Debug|Any CPU
		{BDC6BA81-93E2-4445-865A-CA89AF5C0CC8}.Debug|Any CPU.Build.0 = Debug|Any CPU
		{BDC6BA81-93E2-4445-865A-CA89AF5C0CC8}.Release|Any CPU.ActiveCfg = Release|Any CPU
		{BDC6BA81-93E2-4445-865A-CA89AF5C0CC8}.Release|Any CPU.Build.0 = Release|Any CPU
		{A2B918D3-9AD0-4202-A976-198DCECA71D5}.Debug|Any CPU.ActiveCfg = Debug|Any CPU
		{A2B918D3-9AD0-4202-A976-198DCECA71D5}.Debug|Any CPU.Build.0 = Debug|Any CPU
		{A2B918D3-9AD0-4202-A976-198DCECA71D5}.Release|Any CPU.ActiveCfg = Release|Any CPU
		{A2B918D3-9AD0-4202-A976-198DCECA71D5}.Release|Any CPU.Build.0 = Release|Any CPU
		{1E78BDD3-743A-497D-95AE-34479C7398ED}.Debug|Any CPU.ActiveCfg = Debug|Any CPU
		{1E78BDD3-743A-497D-95AE-34479C7398ED}.Debug|Any CPU.Build.0 = Debug|Any CPU
		{1E78BDD3-743A-497D-95AE-34479C7398ED}.Release|Any CPU.ActiveCfg = Release|Any CPU
		{1E78BDD3-743A-497D-95AE-34479C7398ED}.Release|Any CPU.Build.0 = Release|Any CPU
		{04C942AE-4A51-4809-B54E-4FAA99487AE5}.Debug|Any CPU.ActiveCfg = Debug|Any CPU
		{04C942AE-4A51-4809-B54E-4FAA99487AE5}.Debug|Any CPU.Build.0 = Debug|Any CPU
		{04C942AE-4A51-4809-B54E-4FAA99487AE5}.Release|Any CPU.ActiveCfg = Release|Any CPU
		{04C942AE-4A51-4809-B54E-4FAA99487AE5}.Release|Any CPU.Build.0 = Release|Any CPU
		{87F61522-0C30-4088-8F05-CECB46E15A99}.Debug|Any CPU.ActiveCfg = Debug|Any CPU
		{87F61522-0C30-4088-8F05-CECB46E15A99}.Debug|Any CPU.Build.0 = Debug|Any CPU
		{87F61522-0C30-4088-8F05-CECB46E15A99}.Release|Any CPU.ActiveCfg = Release|Any CPU
		{87F61522-0C30-4088-8F05-CECB46E15A99}.Release|Any CPU.Build.0 = Release|Any CPU
		{FE63B179-F231-4F93-8278-9096E4E539FA}.Debug|Any CPU.ActiveCfg = Debug|Any CPU
		{FE63B179-F231-4F93-8278-9096E4E539FA}.Debug|Any CPU.Build.0 = Debug|Any CPU
		{FE63B179-F231-4F93-8278-9096E4E539FA}.Release|Any CPU.ActiveCfg = Release|Any CPU
		{FE63B179-F231-4F93-8278-9096E4E539FA}.Release|Any CPU.Build.0 = Release|Any CPU
		{14370881-E72D-40E4-A154-7EC17E15783C}.Debug|Any CPU.ActiveCfg = Debug|Any CPU
		{14370881-E72D-40E4-A154-7EC17E15783C}.Debug|Any CPU.Build.0 = Debug|Any CPU
		{14370881-E72D-40E4-A154-7EC17E15783C}.Release|Any CPU.ActiveCfg = Release|Any CPU
		{14370881-E72D-40E4-A154-7EC17E15783C}.Release|Any CPU.Build.0 = Release|Any CPU
	EndGlobalSection
	GlobalSection(SolutionProperties) = preSolution
		HideSolutionNode = FALSE
	EndGlobalSection
	GlobalSection(ExtensibilityGlobals) = postSolution
		SolutionGuid = {42B455BC-829D-4A32-A0EB-99887A7F6A20}
	EndGlobalSection
EndGlobal
